
Microsoft Visual Studio Solution File, Format Version 12.00
# Visual Studio Version 16
VisualStudioVersion = 16.0.31613.86
MinimumVisualStudioVersion = 10.0.40219.1
Project("{9A19103F-16F7-4668-BE54-9A1E7A4F7556}") = "Universe", "Universe\Universe.csproj", "{775322C5-2792-4026-99F3-6E700AE1B715}"
EndProject
Project("{FAE04EC0-301F-11D3-BF4B-00C04F79EFBC}") = "Universe_Tests", "Universe_Tests\Universe_Tests.csproj", "{F92F2177-DB3E-4ECA-A987-3704D1C5AA70}"
EndProject
Project("{FAE04EC0-301F-11D3-BF4B-00C04F79EFBC}") = "Universe.Entities", "Universe.Entities\Universe.Entities.csproj", "{C453E071-0D62-4AE9-A2CC-F2D36BFD217A}"
EndProject
Project("{FAE04EC0-301F-11D3-BF4B-00C04F79EFBC}") = "Universe.ConsoleApp", "Universe.ConsoleApp\Universe.ConsoleApp.csproj", "{31DF8F49-8F12-425A-9381-54E39122405D}"
EndProject
Global
	GlobalSection(SolutionConfigurationPlatforms) = preSolution
		Debug|Any CPU = Debug|Any CPU
		Release|Any CPU = Release|Any CPU
	EndGlobalSection
	GlobalSection(ProjectConfigurationPlatforms) = postSolution
		{775322C5-2792-4026-99F3-6E700AE1B715}.Debug|Any CPU.ActiveCfg = Debug|Any CPU
		{775322C5-2792-4026-99F3-6E700AE1B715}.Debug|Any CPU.Build.0 = Debug|Any CPU
		{775322C5-2792-4026-99F3-6E700AE1B715}.Release|Any CPU.ActiveCfg = Release|Any CPU
		{775322C5-2792-4026-99F3-6E700AE1B715}.Release|Any CPU.Build.0 = Release|Any CPU
		{F92F2177-DB3E-4ECA-A987-3704D1C5AA70}.Debug|Any CPU.ActiveCfg = Debug|Any CPU
		{F92F2177-DB3E-4ECA-A987-3704D1C5AA70}.Debug|Any CPU.Build.0 = Debug|Any CPU
		{F92F2177-DB3E-4ECA-A987-3704D1C5AA70}.Release|Any CPU.ActiveCfg = Release|Any CPU
		{F92F2177-DB3E-4ECA-A987-3704D1C5AA70}.Release|Any CPU.Build.0 = Release|Any CPU
		{C453E071-0D62-4AE9-A2CC-F2D36BFD217A}.Debug|Any CPU.ActiveCfg = Debug|Any CPU
		{C453E071-0D62-4AE9-A2CC-F2D36BFD217A}.Debug|Any CPU.Build.0 = Debug|Any CPU
		{C453E071-0D62-4AE9-A2CC-F2D36BFD217A}.Release|Any CPU.ActiveCfg = Release|Any CPU
		{C453E071-0D62-4AE9-A2CC-F2D36BFD217A}.Release|Any CPU.Build.0 = Release|Any CPU
		{31DF8F49-8F12-425A-9381-54E39122405D}.Debug|Any CPU.ActiveCfg = Debug|Any CPU
		{31DF8F49-8F12-425A-9381-54E39122405D}.Debug|Any CPU.Build.0 = Debug|Any CPU
		{31DF8F49-8F12-425A-9381-54E39122405D}.Release|Any CPU.ActiveCfg = Release|Any CPU
		{31DF8F49-8F12-425A-9381-54E39122405D}.Release|Any CPU.Build.0 = Release|Any CPU
	EndGlobalSection
	GlobalSection(SolutionProperties) = preSolution
		HideSolutionNode = FALSE
	EndGlobalSection
	GlobalSection(ExtensibilityGlobals) = postSolution
		SolutionGuid = {686C66FF-1A94-422C-983F-B6E349BAE7C1}
	EndGlobalSection
EndGlobal
